{
  "lockfileVersion": 1,
  "configVersion": 1,
  "workspaces": {
    "": {
      "name": "stx-tip-jar-sdk",
      "dependencies": {
        "@stacks/network": "^6.13.0",
        "@stacks/transactions": "^6.13.0",
      },
      "devDependencies": {
        "typescript": "^5.4.5",
      },
    },
  },
  "packages": {
    "@noble/hashes": ["@noble/hashes@1.1.5", "https://europe-west4-npm.pkg.dev/lovable-core-prod/sandbox-npm-cache/@noble/hashes/-/hashes-1.1.5.tgz", {}, "sha512-LTMZiiLc+V4v1Yi16TD6aX2gmtKszNye0pQgbaLqkvhIqP7nVsSaJsWloGQjJfJ8offaoP5GtX3yY5swbcJxxQ=="],

    "@noble/secp256k1": ["@noble/secp256k1@1.7.1", "https://europe-west4-npm.pkg.dev/lovable-core-prod/sandbox-npm-cache/@noble/secp256k1/-/secp256k1-1.7.1.tgz", {}, "sha512-hOUk6AyBFmqVrv7k5WAw/LpszxVbj9gGN4JRkIX52fdFAj1UA61KXmZDvqVEm+pOyec3+fIeZB02LYa/pWOArw=="],

    "@stacks/common": ["@stacks/common@6.16.0", "https://europe-west4-npm.pkg.dev/lovable-core-prod/sandbox-npm-cache/@stacks/common/-/common-6.16.0.tgz", { "dependencies": { "@types/bn.js": "^5.1.0", "@types/node": "^18.0.4" } }, "sha512-PnzvhrdGRMVZvxTulitlYafSK4l02gPCBBoI9QEoTqgSnv62oaOXhYAUUkTMFKxdHW1seVEwZsrahuXiZPIAwg=="],

    "@stacks/network": ["@stacks/network@6.17.0", "https://europe-west4-npm.pkg.dev/lovable-core-prod/sandbox-npm-cache/@stacks/network/-/network-6.17.0.tgz", { "dependencies": { "@stacks/common": "^6.16.0", "cross-fetch": "^3.1.5" } }, "sha512-numHbfKjwco/rbkGPOEz8+FcJ2nBnS/tdJ8R422Q70h3SiA9eqk9RjSzB8p4JP8yW1SZvW+eihADHfMpBuZyfw=="],

    "@stacks/transactions": ["@stacks/transactions@6.17.0", "https://europe-west4-npm.pkg.dev/lovable-core-prod/sandbox-npm-cache/@stacks/transactions/-/transactions-6.17.0.tgz", { "dependencies": { "@noble/hashes": "1.1.5", "@noble/secp256k1": "1.7.1", "@stacks/common": "^6.16.0", "@stacks/network": "^6.17.0", "c32check": "^2.0.0", "lodash.clonedeep": "^4.5.0" } }, "sha512-FUah2BRgV66ApLcEXGNGhwyFTRXqX5Zco3LpiM3essw8PF0NQlHwwdPgtDko5RfrJl3LhGXXe/30nwsfNnB3+g=="],

    "@types/bn.js": ["@types/bn.js@5.2.0", "https://europe-west4-npm.pkg.dev/lovable-core-prod/sandbox-npm-cache/@types/bn.js/-/bn.js-5.2.0.tgz", { "dependencies": { "@types/node": "*" } }, "sha512-DLbJ1BPqxvQhIGbeu8VbUC1DiAiahHtAYvA0ZEAa4P31F7IaArc8z3C3BRQdWX4mtLQuABG4yzp76ZrS02Ui1Q=="],

    "@types/node": ["@types/node@18.19.130", "https://europe-west4-npm.pkg.dev/lovable-core-prod/sandbox-npm-cache/@types/node/-/node-18.19.130.tgz", { "dependencies": { "undici-types": "~5.26.4" } }, "sha512-GRaXQx6jGfL8sKfaIDD6OupbIHBr9jv7Jnaml9tB7l4v068PAOXqfcujMMo5PhbIs6ggR1XODELqahT2R8v0fg=="],

    "base-x": ["base-x@4.0.1", "https://europe-west4-npm.pkg.dev/lovable-core-prod/sandbox-npm-cache/base-x/-/base-x-4.0.1.tgz", {}, "sha512-uAZ8x6r6S3aUM9rbHGVOIsR15U/ZSc82b3ymnCPsT45Gk1DDvhDPdIgB5MrhirZWt+5K0EEPQH985kNqZgNPFw=="],

    "c32check": ["c32check@2.0.0", "https://europe-west4-npm.pkg.dev/lovable-core-prod/sandbox-npm-cache/c32check/-/c32check-2.0.0.tgz", { "dependencies": { "@noble/hashes": "^1.1.2", "base-x": "^4.0.0" } }, "sha512-rpwfAcS/CMqo0oCqDf3r9eeLgScRE3l/xHDCXhM3UyrfvIn7PrLq63uHh7yYbv8NzaZn5MVsVhIRpQ+5GZ5HyA=="],

    "cross-fetch": ["cross-fetch@3.2.0", "https://europe-west4-npm.pkg.dev/lovable-core-prod/sandbox-npm-cache/cross-fetch/-/cross-fetch-3.2.0.tgz", { "dependencies": { "node-fetch": "^2.7.0" } }, "sha512-Q+xVJLoGOeIMXZmbUK4HYk+69cQH6LudR0Vu/pRm2YlU/hDV9CiS0gKUMaWY5f2NeUH9C1nV3bsTlCo0FsTV1Q=="],

    "lodash.clonedeep": ["lodash.clonedeep@4.5.0", "https://europe-west4-npm.pkg.dev/lovable-core-prod/sandbox-npm-cache/lodash.clonedeep/-/lodash.clonedeep-4.5.0.tgz", {}, "sha512-H5ZhCF25riFd9uB5UCkVKo61m3S/xZk1x4wA6yp/L3RFP6Z/eHH1ymQcGLo7J3GMPfm0V/7m1tryHuGVxpqEBQ=="],

    "node-fetch": ["node-fetch@2.7.0", "https://europe-west4-npm.pkg.dev/lovable-core-prod/sandbox-npm-cache/node-fetch/-/node-fetch-2.7.0.tgz", { "dependencies": { "whatwg-url": "^5.0.0" }, "peerDependencies": { "encoding": "^0.1.0" }, "optionalPeers": ["encoding"] }, "sha512-c4FRfUm/dbcWZ7U+1Wq0AwCyFL+3nt2bEw05wfxSz+DWpWsitgmSgYmy2dQdWyKC1694ELPqMs/YzUSNozLt8A=="],

    "tr46": ["tr46@0.0.3", "https://europe-west4-npm.pkg.dev/lovable-core-prod/sandbox-npm-cache/tr46/-/tr46-0.0.3.tgz", {}, "sha512-N3WMsuqV66lT30CrXNbEjx4GEwlow3v6rr4mCcv6prnfwhS01rkgyFdjPNBYd9br7LpXV1+Emh01fHnq2Gdgrw=="],

    "typescript": ["typescript@5.9.3", "https://europe-west4-npm.pkg.dev/lovable-core-prod/sandbox-npm-cache/typescript/-/typescript-5.9.3.tgz", { "bin": { "tsc": "bin/tsc", "tsserver": "bin/tsserver" } }, "sha512-jl1vZzPDinLr9eUt3J/t7V6FgNEw9QjvBPdysz9KfQDD41fQrC2Y4vKQdiaUpFT4bXlb1RHhLpp8wtm6M5TgSw=="],

    "undici-types": ["undici-types@5.26.5", "https://europe-west4-npm.pkg.dev/lovable-core-prod/sandbox-npm-cache/undici-types/-/undici-types-5.26.5.tgz", {}, "sha512-JlCMO+ehdEIKqlFxk6IfVoAUVmgz7cU7zD/h9XZ0qzeosSHmUJVOzSQvvYSYWXkFXC+IfLKSIffhv0sVZup6pA=="],

    "webidl-conversions": ["webidl-conversions@3.0.1", "https://europe-west4-npm.pkg.dev/lovable-core-prod/sandbox-npm-cache/webidl-conversions/-/webidl-conversions-3.0.1.tgz", {}, "sha512-2JAn3z8AR6rjK8Sm8orRC0h/bcl/DqL7tRPdGZ4I1CjdF+EaMLmYxBHyXuKL849eucPFhvBoxMsflfOb8kxaeQ=="],

    "whatwg-url": ["whatwg-url@5.0.0", "https://europe-west4-npm.pkg.dev/lovable-core-prod/sandbox-npm-cache/whatwg-url/-/whatwg-url-5.0.0.tgz", { "dependencies": { "tr46": "~0.0.3", "webidl-conversions": "^3.0.0" } }, "sha512-saE57nupxk6v3HY35+jzBwYa0rKSy0XR8JSxZPwgLr7ys0IBzhGviA1/TUGJLmSVqs8pb9AnvICXEuOHLprYTw=="],
  }
}
